
Microsoft Visual Studio Solution File, Format Version 12.00
# Visual Studio Version 17
VisualStudioVersion = 17.3.32819.101
MinimumVisualStudioVersion = 10.0.40219.1
Project("{9A19103F-16F7-4668-BE54-9A1E7A4F7556}") = "First project", "First app\First project.csproj", "{E3D1CC99-CF68-4BE1-9C32-C213CC671F40}"
EndProject
Project("{FAE04EC0-301F-11D3-BF4B-00C04F79EFBC}") = "Project 2", "Project 2\Project 2.csproj", "{68D00C07-97B7-4A6F-A11E-AC205E8DA0E2}"
EndProject
Project("{FAE04EC0-301F-11D3-BF4B-00C04F79EFBC}") = "Project for lecture 6 ITVDN", "Project for lecture 6 ITVDN\Project for lecture 6 ITVDN.csproj", "{1C72F4B9-853E-4B09-8732-5B39E4586F99}"
EndProject
Project("{FAE04EC0-301F-11D3-BF4B-00C04F79EFBC}") = "Project for lecture 11 ITVDN", "Project for lecture 11 ITVDN\Project for lecture 11 ITVDN.csproj", "{B4B51B63-EABC-4CD7-B1A6-77407E6F4612}"
EndProject
Project("{FAE04EC0-301F-11D3-BF4B-00C04F79EFBC}") = "Project for lecture 12 ITVDN", "Project for lecture 12 ITVDN\Project for lecture 12 ITVDN.csproj", "{0938DE90-8F98-4DA2-B3A0-EF218D1524AB}"
EndProject
Project("{FAE04EC0-301F-11D3-BF4B-00C04F79EFBC}") = "Project for lecture 13 ITVDN", "Project for lecture 13 ITVDN\Project for lecture 13 ITVDN.csproj", "{52FC68C5-E821-41D3-8F4E-4605DF990D0C}"
EndProject
Project("{FAE04EC0-301F-11D3-BF4B-00C04F79EFBC}") = "Project for lecture 14 ITVDN", "Project for lecture 14 ITVDN\Project for lecture 14 ITVDN.csproj", "{4F8DEC12-BAD3-47E9-A153-964F16190208}"
EndProject
Project("{FAE04EC0-301F-11D3-BF4B-00C04F79EFBC}") = "Project for lecture 15 ITVDN", "Project for lecture 15 ITVDN\Project for lecture 15 ITVDN.csproj", "{B4FBE34F-5354-4FA8-9CE7-467AAACE3CF5}"
EndProject
Project("{FAE04EC0-301F-11D3-BF4B-00C04F79EFBC}") = "Project for lecture 16 ITVDN", "Project for lecture 16 ITVDN\Project for lecture 16 ITVDN.csproj", "{E50D1C38-5419-488C-9118-93A0FF027D04}"
EndProject
Project("{FAE04EC0-301F-11D3-BF4B-00C04F79EFBC}") = "Project for lecture 17 ITVDN", "Project for lecture 17 ITVDN\Project for lecture 17 ITVDN.csproj", "{3A78B5DD-3CC1-47E0-9F31-82183D6C046A}"
EndProject
Project("{FAE04EC0-301F-11D3-BF4B-00C04F79EFBC}") = "Project for lecture 18 ITVDN", "Project for lecture 18 ITVDN\Project for lecture 18 ITVDN.csproj", "{2D1183F8-6EE5-412F-B13C-371707CC12A4}"
EndProject
Project("{FAE04EC0-301F-11D3-BF4B-00C04F79EFBC}") = "Project for lecture 19 ITVDN", "Project for lecture 19 ITVDN\Project for lecture 19 ITVDN.csproj", "{271472E1-3343-47FA-8419-C65680D6AAE4}"
EndProject
Project("{FAE04EC0-301F-11D3-BF4B-00C04F79EFBC}") = "Project for lecture 20 ITVDN", "Project for lecture 20 ITVDN\Project for lecture 20 ITVDN.csproj", "{F7241AC6-7EEC-4B91-B623-8A25037050FA}"
EndProject
Project("{FAE04EC0-301F-11D3-BF4B-00C04F79EFBC}") = "Project for lecture 21 ITVDN", "Project for lecture 21 ITVDN\Project for lecture 21 ITVDN.csproj", "{8933D9E1-6B52-4E42-9698-F94167174CE6}"
EndProject
Project("{FAE04EC0-301F-11D3-BF4B-00C04F79EFBC}") = "Project for lecture 22 ITVDN", "Project for lecture 22\Project for lecture 22 ITVDN.csproj", "{F1150CC7-9C46-4111-B2F1-1C6BAD8C2CA4}"
EndProject
Project("{FAE04EC0-301F-11D3-BF4B-00C04F79EFBC}") = "Project for lecture 23 ITVDN", "Project for lecture 23 ITVDN\Project for lecture 23 ITVDN.csproj", "{6CBDD110-E676-49B7-8759-6824DA52A0B6}"
EndProject
Project("{FAE04EC0-301F-11D3-BF4B-00C04F79EFBC}") = "Project for lecture 24 and 25 ITVDN", "Project for lecture 24 ITVDN\Project for lecture 24 and 25 ITVDN.csproj", "{2014DB87-A865-44CB-BA6B-8E655EEA743F}"
EndProject
Project("{FAE04EC0-301F-11D3-BF4B-00C04F79EFBC}") = "Project for lecture 26 ITVDN", "Project for lecture 26 ITVDN\Project for lecture 26 ITVDN.csproj", "{9E3AE948-078E-425D-8ED8-32C6B9C439E8}"
EndProject
Project("{FAE04EC0-301F-11D3-BF4B-00C04F79EFBC}") = "Project for lecture 27 ITVDN", "Project for lecture 27 ITVDN\Project for lecture 27 ITVDN.csproj", "{C00868EE-2F69-4A50-AB69-E3AE475BC98C}"
EndProject
Project("{FAE04EC0-301F-11D3-BF4B-00C04F79EFBC}") = "Project for lecture 28 ITVDN", "Project for lecture 29 ITVDN\Project for lecture 28 ITVDN.csproj", "{0CE818BD-3643-4702-9A2A-74FBCFE839A3}"
EndProject
Project("{FAE04EC0-301F-11D3-BF4B-00C04F79EFBC}") = "Project for lecture 29 ITVDN", "Lecture for project 29 ITVDN\Project for lecture 29 ITVDN.csproj", "{B47CB523-0767-4AD3-85AB-E99F7AC8A719}"
EndProject
Project("{FAE04EC0-301F-11D3-BF4B-00C04F79EFBC}") = "Project for lecture 30 ITVDN", "Project for lecture 30 ITVDN\Project for lecture 30 ITVDN.csproj", "{B9DDBF04-817C-45BF-8061-A8C2A9729B7B}"
EndProject
Global
	GlobalSection(SolutionConfigurationPlatforms) = preSolution
		Debug|Any CPU = Debug|Any CPU
		Release|Any CPU = Release|Any CPU
	EndGlobalSection
	GlobalSection(ProjectConfigurationPlatforms) = postSolution
		{E3D1CC99-CF68-4BE1-9C32-C213CC671F40}.Debug|Any CPU.ActiveCfg = Debug|Any CPU
		{E3D1CC99-CF68-4BE1-9C32-C213CC671F40}.Debug|Any CPU.Build.0 = Debug|Any CPU
		{E3D1CC99-CF68-4BE1-9C32-C213CC671F40}.Release|Any CPU.ActiveCfg = Release|Any CPU
		{E3D1CC99-CF68-4BE1-9C32-C213CC671F40}.Release|Any CPU.Build.0 = Release|Any CPU
		{68D00C07-97B7-4A6F-A11E-AC205E8DA0E2}.Debug|Any CPU.ActiveCfg = Debug|Any CPU
		{68D00C07-97B7-4A6F-A11E-AC205E8DA0E2}.Debug|Any CPU.Build.0 = Debug|Any CPU
		{68D00C07-97B7-4A6F-A11E-AC205E8DA0E2}.Release|Any CPU.ActiveCfg = Release|Any CPU
		{68D00C07-97B7-4A6F-A11E-AC205E8DA0E2}.Release|Any CPU.Build.0 = Release|Any CPU
		{1C72F4B9-853E-4B09-8732-5B39E4586F99}.Debug|Any CPU.ActiveCfg = Debug|Any CPU
		{1C72F4B9-853E-4B09-8732-5B39E4586F99}.Debug|Any CPU.Build.0 = Debug|Any CPU
		{1C72F4B9-853E-4B09-8732-5B39E4586F99}.Release|Any CPU.ActiveCfg = Release|Any CPU
		{1C72F4B9-853E-4B09-8732-5B39E4586F99}.Release|Any CPU.Build.0 = Release|Any CPU
		{B4B51B63-EABC-4CD7-B1A6-77407E6F4612}.Debug|Any CPU.ActiveCfg = Debug|Any CPU
		{B4B51B63-EABC-4CD7-B1A6-77407E6F4612}.Debug|Any CPU.Build.0 = Debug|Any CPU
		{B4B51B63-EABC-4CD7-B1A6-77407E6F4612}.Release|Any CPU.ActiveCfg = Release|Any CPU
		{B4B51B63-EABC-4CD7-B1A6-77407E6F4612}.Release|Any CPU.Build.0 = Release|Any CPU
		{0938DE90-8F98-4DA2-B3A0-EF218D1524AB}.Debug|Any CPU.ActiveCfg = Debug|Any CPU
		{0938DE90-8F98-4DA2-B3A0-EF218D1524AB}.Debug|Any CPU.Build.0 = Debug|Any CPU
		{0938DE90-8F98-4DA2-B3A0-EF218D1524AB}.Release|Any CPU.ActiveCfg = Release|Any CPU
		{0938DE90-8F98-4DA2-B3A0-EF218D1524AB}.Release|Any CPU.Build.0 = Release|Any CPU
		{52FC68C5-E821-41D3-8F4E-4605DF990D0C}.Debug|Any CPU.ActiveCfg = Debug|Any CPU
		{52FC68C5-E821-41D3-8F4E-4605DF990D0C}.Debug|Any CPU.Build.0 = Debug|Any CPU
		{52FC68C5-E821-41D3-8F4E-4605DF990D0C}.Release|Any CPU.ActiveCfg = Release|Any CPU
		{52FC68C5-E821-41D3-8F4E-4605DF990D0C}.Release|Any CPU.Build.0 = Release|Any CPU
		{4F8DEC12-BAD3-47E9-A153-964F16190208}.Debug|Any CPU.ActiveCfg = Debug|Any CPU
		{4F8DEC12-BAD3-47E9-A153-964F16190208}.Debug|Any CPU.Build.0 = Debug|Any CPU
		{4F8DEC12-BAD3-47E9-A153-964F16190208}.Release|Any CPU.ActiveCfg = Release|Any CPU
		{4F8DEC12-BAD3-47E9-A153-964F16190208}.Release|Any CPU.Build.0 = Release|Any CPU
		{B4FBE34F-5354-4FA8-9CE7-467AAACE3CF5}.Debug|Any CPU.ActiveCfg = Debug|Any CPU
		{B4FBE34F-5354-4FA8-9CE7-467AAACE3CF5}.Debug|Any CPU.Build.0 = Debug|Any CPU
		{B4FBE34F-5354-4FA8-9CE7-467AAACE3CF5}.Release|Any CPU.ActiveCfg = Release|Any CPU
		{B4FBE34F-5354-4FA8-9CE7-467AAACE3CF5}.Release|Any CPU.Build.0 = Release|Any CPU
		{E50D1C38-5419-488C-9118-93A0FF027D04}.Debug|Any CPU.ActiveCfg = Debug|Any CPU
		{E50D1C38-5419-488C-9118-93A0FF027D04}.Debug|Any CPU.Build.0 = Debug|Any CPU
		{E50D1C38-5419-488C-9118-93A0FF027D04}.Release|Any CPU.ActiveCfg = Release|Any CPU
		{E50D1C38-5419-488C-9118-93A0FF027D04}.Release|Any CPU.Build.0 = Release|Any CPU
		{3A78B5DD-3CC1-47E0-9F31-82183D6C046A}.Debug|Any CPU.ActiveCfg = Debug|Any CPU
		{3A78B5DD-3CC1-47E0-9F31-82183D6C046A}.Debug|Any CPU.Build.0 = Debug|Any CPU
		{3A78B5DD-3CC1-47E0-9F31-82183D6C046A}.Release|Any CPU.ActiveCfg = Release|Any CPU
		{3A78B5DD-3CC1-47E0-9F31-82183D6C046A}.Release|Any CPU.Build.0 = Release|Any CPU
		{2D1183F8-6EE5-412F-B13C-371707CC12A4}.Debug|Any CPU.ActiveCfg = Debug|Any CPU
		{2D1183F8-6EE5-412F-B13C-371707CC12A4}.Debug|Any CPU.Build.0 = Debug|Any CPU
		{2D1183F8-6EE5-412F-B13C-371707CC12A4}.Release|Any CPU.ActiveCfg = Release|Any CPU
		{2D1183F8-6EE5-412F-B13C-371707CC12A4}.Release|Any CPU.Build.0 = Release|Any CPU
		{271472E1-3343-47FA-8419-C65680D6AAE4}.Debug|Any CPU.ActiveCfg = Debug|Any CPU
		{271472E1-3343-47FA-8419-C65680D6AAE4}.Debug|Any CPU.Build.0 = Debug|Any CPU
		{271472E1-3343-47FA-8419-C65680D6AAE4}.Release|Any CPU.ActiveCfg = Release|Any CPU
		{271472E1-3343-47FA-8419-C65680D6AAE4}.Release|Any CPU.Build.0 = Release|Any CPU
		{F7241AC6-7EEC-4B91-B623-8A25037050FA}.Debug|Any CPU.ActiveCfg = Debug|Any CPU
		{F7241AC6-7EEC-4B91-B623-8A25037050FA}.Debug|Any CPU.Build.0 = Debug|Any CPU
		{F7241AC6-7EEC-4B91-B623-8A25037050FA}.Release|Any CPU.ActiveCfg = Release|Any CPU
		{F7241AC6-7EEC-4B91-B623-8A25037050FA}.Release|Any CPU.Build.0 = Release|Any CPU
		{8933D9E1-6B52-4E42-9698-F94167174CE6}.Debug|Any CPU.ActiveCfg = Debug|Any CPU
		{8933D9E1-6B52-4E42-9698-F94167174CE6}.Debug|Any CPU.Build.0 = Debug|Any CPU
		{8933D9E1-6B52-4E42-9698-F94167174CE6}.Release|Any CPU.ActiveCfg = Release|Any CPU
		{8933D9E1-6B52-4E42-9698-F94167174CE6}.Release|Any CPU.Build.0 = Release|Any CPU
		{F1150CC7-9C46-4111-B2F1-1C6BAD8C2CA4}.Debug|Any CPU.ActiveCfg = Debug|Any CPU
		{F1150CC7-9C46-4111-B2F1-1C6BAD8C2CA4}.Debug|Any CPU.Build.0 = Debug|Any CPU
		{F1150CC7-9C46-4111-B2F1-1C6BAD8C2CA4}.Release|Any CPU.ActiveCfg = Release|Any CPU
		{F1150CC7-9C46-4111-B2F1-1C6BAD8C2CA4}.Release|Any CPU.Build.0 = Release|Any CPU
		{6CBDD110-E676-49B7-8759-6824DA52A0B6}.Debug|Any CPU.ActiveCfg = Debug|Any CPU
		{6CBDD110-E676-49B7-8759-6824DA52A0B6}.Debug|Any CPU.Build.0 = Debug|Any CPU
		{6CBDD110-E676-49B7-8759-6824DA52A0B6}.Release|Any CPU.ActiveCfg = Release|Any CPU
		{6CBDD110-E676-49B7-8759-6824DA52A0B6}.Release|Any CPU.Build.0 = Release|Any CPU
		{2014DB87-A865-44CB-BA6B-8E655EEA743F}.Debug|Any CPU.ActiveCfg = Debug|Any CPU
		{2014DB87-A865-44CB-BA6B-8E655EEA743F}.Debug|Any CPU.Build.0 = Debug|Any CPU
		{2014DB87-A865-44CB-BA6B-8E655EEA743F}.Release|Any CPU.ActiveCfg = Release|Any CPU
		{2014DB87-A865-44CB-BA6B-8E655EEA743F}.Release|Any CPU.Build.0 = Release|Any CPU
		{9E3AE948-078E-425D-8ED8-32C6B9C439E8}.Debug|Any CPU.ActiveCfg = Debug|Any CPU
		{9E3AE948-078E-425D-8ED8-32C6B9C439E8}.Debug|Any CPU.Build.0 = Debug|Any CPU
		{9E3AE948-078E-425D-8ED8-32C6B9C439E8}.Release|Any CPU.ActiveCfg = Release|Any CPU
		{9E3AE948-078E-425D-8ED8-32C6B9C439E8}.Release|Any CPU.Build.0 = Release|Any CPU
		{C00868EE-2F69-4A50-AB69-E3AE475BC98C}.Debug|Any CPU.ActiveCfg = Debug|Any CPU
		{C00868EE-2F69-4A50-AB69-E3AE475BC98C}.Debug|Any CPU.Build.0 = Debug|Any CPU
		{C00868EE-2F69-4A50-AB69-E3AE475BC98C}.Release|Any CPU.ActiveCfg = Release|Any CPU
		{C00868EE-2F69-4A50-AB69-E3AE475BC98C}.Release|Any CPU.Build.0 = Release|Any CPU
		{0CE818BD-3643-4702-9A2A-74FBCFE839A3}.Debug|Any CPU.ActiveCfg = Debug|Any CPU
		{0CE818BD-3643-4702-9A2A-74FBCFE839A3}.Debug|Any CPU.Build.0 = Debug|Any CPU
		{0CE818BD-3643-4702-9A2A-74FBCFE839A3}.Release|Any CPU.ActiveCfg = Release|Any CPU
		{0CE818BD-3643-4702-9A2A-74FBCFE839A3}.Release|Any CPU.Build.0 = Release|Any CPU
		{B47CB523-0767-4AD3-85AB-E99F7AC8A719}.Debug|Any CPU.ActiveCfg = Debug|Any CPU
		{B47CB523-0767-4AD3-85AB-E99F7AC8A719}.Debug|Any CPU.Build.0 = Debug|Any CPU
		{B47CB523-0767-4AD3-85AB-E99F7AC8A719}.Release|Any CPU.ActiveCfg = Release|Any CPU
		{B47CB523-0767-4AD3-85AB-E99F7AC8A719}.Release|Any CPU.Build.0 = Release|Any CPU
		{B9DDBF04-817C-45BF-8061-A8C2A9729B7B}.Debug|Any CPU.ActiveCfg = Debug|Any CPU
		{B9DDBF04-817C-45BF-8061-A8C2A9729B7B}.Debug|Any CPU.Build.0 = Debug|Any CPU
		{B9DDBF04-817C-45BF-8061-A8C2A9729B7B}.Release|Any CPU.ActiveCfg = Release|Any CPU
		{B9DDBF04-817C-45BF-8061-A8C2A9729B7B}.Release|Any CPU.Build.0 = Release|Any CPU
	EndGlobalSection
	GlobalSection(SolutionProperties) = preSolution
		HideSolutionNode = FALSE
	EndGlobalSection
	GlobalSection(ExtensibilityGlobals) = postSolution
		SolutionGuid = {BCA9FD58-CC26-411F-8736-65FBF57D8D06}
	EndGlobalSection
EndGlobal
